dependencies:
- name: victoria-traces-single
  repository: https://victoriametrics.github.io/helm-charts/
  version: 0.1.11
- name: opentelemetry-collector
  repository: https://open-telemetry.github.io/opentelemetry-helm-charts
  version: 0.162.0
digest: sha256:7a2f2586b3386439274b0cb2a41a4c5c11f2a41d1e3c54494179d5bf13f158b7
generated: "2026-09-04T13:52:57.459320665+02:00"
