dependencies:
- name: victoria-traces-single
  repository: https://victoriametrics.github.io/helm-charts/
  version: 0.1.11
- name: opentelemetry-collector
  repository: https://open-telemetry.github.io/opentelemetry-helm-charts
  version: 0.168.0
digest: sha256:64039a70177d51226c7652158bf9281572f287ca93dddb49799289422f874b19
generated: "2026-10-05T08:46:23.450404738Z"
