dependencies:
- name: victoria-traces-single
  repository: https://victoriametrics.github.io/helm-charts/
  version: 0.1.11
- name: opentelemetry-collector
  repository: https://open-telemetry.github.io/opentelemetry-helm-charts
  version: 0.169.0
digest: sha256:8d641d16129d165eaa4e9684fa7f9fddf2301d2db22e2e022a9e68165635751f
generated: "2026-10-08T08:09:39.400406644Z"
